
Microsoft Visual Studio Solution File, Format Version 12.00
# Visual Studio Version 16
VisualStudioVersion = 16.0.28803.156
MinimumVisualStudioVersion = 10.0.40219.1
Project("{FAE04EC0-301F-11D3-BF4B-00C04F79EFBC}") = "SortingApplication", "SortingApplication\SortingApplication.csproj", "{B27515C9-30BC-46DF-BFCD-C9A63E5CB4B9}"
EndProject
Global
	GlobalSection(SolutionConfigurationPlatforms) = preSolution
		Debug|Any CPU = Debug|Any CPU
		Release|Any CPU = Release|Any CPU
	EndGlobalSection
	GlobalSection(ProjectConfigurationPlatforms) = postSolution
		{B27515C9-30BC-46DF-BFCD-C9A63E5CB4B9}.Debug|Any CPU.ActiveCfg = Debug|Any CPU
		{B27515C9-30BC-46DF-BFCD-C9A63E5CB4B9}.Debug|Any CPU.Build.0 = Debug|Any CPU
		{B27515C9-30BC-46DF-BFCD-C9A63E5CB4B9}.Release|Any CPU.ActiveCfg = Release|Any CPU
		{B27515C9-30BC-46DF-BFCD-C9A63E5CB4B9}.Release|Any CPU.Build.0 = Release|Any CPU
	EndGlobalSection
	GlobalSection(SolutionProperties) = preSolution
		HideSolutionNode = FALSE
	EndGlobalSection
	GlobalSection(ExtensibilityGlobals) = postSolution
		SolutionGuid = {11EA8A49-6556-4412-AC51-A78FE74F94CE}
	EndGlobalSection
EndGlobal
